
Microsoft Visual Studio Solution File, Format Version 12.00
# Visual Studio Version 17
VisualStudioVersion = 17.14.36429.23
MinimumVisualStudioVersion = 10.0.40219.1
Project("{FAE04EC0-301F-11D3-BF4B-00C04F79EFBC}") = "PASSWORD LIS Client", "PASSWORD LIS Client.csproj", "{46B3F08E-567C-4635-9864-A0B0D888C8A3}"
EndProject
Global
	GlobalSection(SolutionConfigurationPlatforms) = preSolution
		Debug|Any CPU = Debug|Any CPU
		Release|Any CPU = Release|Any CPU
	EndGlobalSection
	GlobalSection(ProjectConfigurationPlatforms) = postSolution
		{46B3F08E-567C-4635-9864-A0B0D888C8A3}.Debug|Any CPU.ActiveCfg = Debug|Any CPU
		{46B3F08E-567C-4635-9864-A0B0D888C8A3}.Debug|Any CPU.Build.0 = Debug|Any CPU
		{46B3F08E-567C-4635-9864-A0B0D888C8A3}.Release|Any CPU.ActiveCfg = Release|Any CPU
		{46B3F08E-567C-4635-9864-A0B0D888C8A3}.Release|Any CPU.Build.0 = Release|Any CPU
	EndGlobalSection
	GlobalSection(SolutionProperties) = preSolution
		HideSolutionNode = FALSE
	EndGlobalSection
	GlobalSection(ExtensibilityGlobals) = postSolution
		SolutionGuid = {569A76AB-70AF-4471-AA39-DED692AF4CDF}
	EndGlobalSection
EndGlobal
